{
  "requires": true,
  "lockfileVersion": 1,
  "dependencies": {
    "@types/bignumber.js": {
      "version": "5.0.0",
      "resolved": "https://registry.npmjs.org/@types/bignumber.js/-/bignumber.js-5.0.0.tgz",
      "integrity": "sha512-0DH7aPGCClywOFaxxjE6UwpN2kQYe9LwuDQMv+zYA97j5GkOMo8e66LYT+a8JYU7jfmUFRZLa9KycxHDsKXJCA==",
      "requires": {
        "bignumber.js": "*"
      }
    },
    "bignumber.js": {
      "version": "9.1.1",
      "resolved": "https://registry.npmjs.org/bignumber.js/-/bignumber.js-9.1.1.tgz",
      "integrity": "sha512-pHm4LsMJ6lzgNGVfZHjMoO8sdoRhOzOH4MLmY65Jg70bpxCKu5iOHNJyfF6OyvYw7t8Fpf35RuzUyqnQsj8Vig=="
    },
    "j4ts": {
      "version": "0.7.2",
      "resolved": "https://registry.npmjs.org/j4ts/-/j4ts-0.7.2.tgz",
      "integrity": "sha512-bISVSZ8wuz3HxHz0p+kaOdWD+HmMoq4rJZRu7FK2Rmdbd/03lDAys7EhlHy+xuFkliZMVGzzrhsjRFGTJV8sag=="
    },
    "mathparser.org-mxparser": {
      "version": "1.0.4",
      "resolved": "https://registry.npmjs.org/mathparser.org-mxparser/-/mathparser.org-mxparser-1.0.4.tgz",
      "integrity": "sha512-GSIvYzs68x6vI8WfV7xHa2UGdTBtfWhYrilrqSlVMX0E7g9aVlHJD2nHdeDNIpNrfJ8+t2UR9UwwD382QqHdSA==",
      "requires": {
        "@types/bignumber.js": "^5.0.0",
        "bignumber.js": "^9.0.1",
        "j4ts": "^0.7.2",
        "tsc": "^1.20150623.0",
        "typescript": "^4.2.4"
      },
      "dependencies": {
        "tsc": {
          "version": "1.20150623.0",
          "resolved": "https://registry.npmjs.org/tsc/-/tsc-1.20150623.0.tgz",
          "integrity": "sha512-35dAbChm97r03rxlfPwkFrrI8WoFlrqtbskmxomtnso2fOSKWDLt3TitT2ZNHl5hQF1Su9S9w/vjmoXf5W0VWA=="
        }
      }
    },
    "typescript": {
      "version": "4.9.5",
      "resolved": "https://registry.npmjs.org/typescript/-/typescript-4.9.5.tgz",
      "integrity": "sha512-1FXk9E2Hm+QzZQ7z+McJiHL4NW1F2EzMu9Nq9i3zAaGqibafqYwCVU6WyWAuyQRRzOlxou8xZSyXLEN8oKj24g=="
    }
  }
}
